
Microsoft Visual Studio Solution File, Format Version 12.00
# Visual Studio 15
VisualStudioVersion = 15.0.27130.2027
MinimumVisualStudioVersion = 10.0.40219.1
Project("{FAE04EC0-301F-11D3-BF4B-00C04F79EFBC}") = "Cry-poc", "Cry-poc\Cry-poc.csproj", "{2EF5DCCF-C743-492F-BC83-53A15F01FA58}"
EndProject
Project("{E53339B2-1760-4266-BCC7-CA923CBCF16C}") = "docker-compose", "docker-compose.dcproj", "{4E371CCD-4556-454D-B084-2CCE685C70EB}"
EndProject
Global
	GlobalSection(SolutionConfigurationPlatforms) = preSolution
		Debug|Any CPU = Debug|Any CPU
		Release|Any CPU = Release|Any CPU
	EndGlobalSection
	GlobalSection(ProjectConfigurationPlatforms) = postSolution
		{2EF5DCCF-C743-492F-BC83-53A15F01FA58}.Debug|Any CPU.ActiveCfg = Debug|Any CPU
		{2EF5DCCF-C743-492F-BC83-53A15F01FA58}.Debug|Any CPU.Build.0 = Debug|Any CPU
		{2EF5DCCF-C743-492F-BC83-53A15F01FA58}.Release|Any CPU.ActiveCfg = Release|Any CPU
		{2EF5DCCF-C743-492F-BC83-53A15F01FA58}.Release|Any CPU.Build.0 = Release|Any CPU
		{4E371CCD-4556-454D-B084-2CCE685C70EB}.Debug|Any CPU.ActiveCfg = Debug|Any CPU
		{4E371CCD-4556-454D-B084-2CCE685C70EB}.Debug|Any CPU.Build.0 = Debug|Any CPU
		{4E371CCD-4556-454D-B084-2CCE685C70EB}.Release|Any CPU.ActiveCfg = Release|Any CPU
		{4E371CCD-4556-454D-B084-2CCE685C70EB}.Release|Any CPU.Build.0 = Release|Any CPU
	EndGlobalSection
	GlobalSection(SolutionProperties) = preSolution
		HideSolutionNode = FALSE
	EndGlobalSection
	GlobalSection(ExtensibilityGlobals) = postSolution
		SolutionGuid = {7F41A3AC-312D-4AA0-85E4-73C788067C05}
	EndGlobalSection
EndGlobal
